github.com/BurntSushi/toml v0.3.1 h1:WXkYYl6Yr3qBf1K79EBnL4mak0OimBfB0XUf9Vl28OQ=
github.com/BurntSushi/toml v0.3.1/go.mod h1:xHWCNGjB5oqiDr8zfno3MHue2Ht5sIBksp03qcyfWMU=
github.com/aead/cmac v0.0.0-20160719120800-7af84192f0b1 h1:+JkXLHME8vLJafGhOH4aoV2Iu8bR55nU6iKMVfYVLjY=
github.com/aead/cmac v0.0.0-20160719120800-7af84192f0b1/go.mod h1:nuudZmJhzWtx2212z+pkuy7B6nkBqa+xwNXZHL1j8cg=
github.com/secure-io/siv-go v0.0.0-20180922214919-5ff40651e2c4 h1:zOjq+1/uLzn/Xo40stbvjIY/yehG0+mfmlsiEmc0xmQ=
github.com/secure-io/siv-go v0.0.0-20180922214919-5ff40651e2c4/go.mod h1:aI+8yClBW+1uovkHw6HM01YXnYB8vohtB9C83wzx34E=
gitlab.com/hacklunch/ntske v0.0.0-20190722122747-2a8052dffb4a h1:krrPsHhW7wbDYV9OGcD+XrOnen3jbKlKNQs/JWDkX+w=
gitlab.com/hacklunch/ntske v0.0.0-20190722122747-2a8052dffb4a/go.mod h1:QyZVYV7pa5YbRb5aJ9yWPdEC2XRsxcTlex6ghDmXLbg=
golang.org/x/sys v0.0.0-20180909124046-d0be0721c37e h1:o3PsSEY8E4eXWkXrIP9YJALUkVZqzHJT5DOasTyn8Vs=
golang.org/x/sys v0.0.0-20180909124046-d0be0721c37e/go.mod h1:STP8DvDyc/dI5b8T5hshtkjS+E42TnysNCUPdjciGhY=
